// !$*UTF8*$!
{
	archiveVersion = 1;
	classes = {
	};
	objectVersion = 46;
	objects = {

/* Begin PBXBuildFile section */
		6BEC58161DA46EF100325CDD /* AppDelegate.m in Sources */ = {isa = PBXBuildFile; fileRef = 6BEC58111DA46EEB00325CDD /* AppDelegate.m */; };
		6BEC58171DA46EF100325CDD /* Chrono.m in Sources */ = {isa = PBXBuildFile; fileRef = 6BEC58131DA46EEE00325CDD /* Chrono.m */; };
		6BEC58181DA46EF100325CDD /* Info.plist in Resources */ = {isa = PBXBuildFile; fileRef = 6BEC58141DA46EEF00325CDD /* Info.plist */; };
		6BEC58191DA46EF100325CDD /* main.m in Sources */ = {isa = PBXBuildFile; fileRef = 6BEC58151DA46EF000325CDD /* main.m */; };
		6BEC581D1DA4720E00325CDD /* Info.plist in Resources */ = {isa = PBXBuildFile; fileRef = 6BEC581B1DA4720E00325CDD /* Info.plist */; };
		6BEC581E1DA4728200325CDD /* ChronoTests.m in Sources */ = {isa = PBXBuildFile; fileRef = 6BEC581A1DA4720E00325CDD /* ChronoTests.m */; };
/* End PBXBuildFile section */

/* Begin PBXContainerItemProxy section */
		6BECBFD81DA3383B00325CDD /* PBXContainerItemProxy */ = {
			isa = PBXContainerItemProxy;
			containerPortal = 6BECBFB61DA3383B00325CDD /* Project object */;
			proxyType = 1;
			remoteGlobalIDString = 6BECBFBD1DA3383B00325CDD;
			remoteInfo = TickTock;
		};
/* End PBXContainerItemProxy section */

/* Begin PBXFileReference section */
		6BEC58101DA46EEA00325CDD /* AppDelegate.h */ = {isa = PBXFileReference; fileEncoding = 4; lastKnownFileType = sourcecode.c.h; name = AppDelegate.h; path = Chrono/AppDelegate.h; sourceTree = SOURCE_ROOT; };
		6BEC58111DA46EEB00325CDD /* AppDelegate.m */ = {isa = PBXFileReference; fileEncoding = 4; lastKnownFileType = sourcecode.c.objc; name = AppDelegate.m; path = Chrono/AppDelegate.m; sourceTree = SOURCE_ROOT; };
		6BEC58121DA46EED00325CDD /* Chrono.h */ = {isa = PBXFileReference; fileEncoding = 4; lastKnownFileType = sourcecode.c.h; name = Chrono.h; path = Chrono/Chrono.h; sourceTree = SOURCE_ROOT; };
		6BEC58131DA46EEE00325CDD /* Chrono.m */ = {isa = PBXFileReference; fileEncoding = 4; lastKnownFileType = sourcecode.c.objc; name = Chrono.m; path = Chrono/Chrono.m; sourceTree = SOURCE_ROOT; };
		6BEC58141DA46EEF00325CDD /* Info.plist */ = {isa = PBXFileReference; fileEncoding = 4; lastKnownFileType = text.plist.xml; name = Info.plist; path = Chrono/Info.plist; sourceTree = SOURCE_ROOT; };
		6BEC58151DA46EF000325CDD /* main.m */ = {isa = PBXFileReference; fileEncoding = 4; lastKnownFileType = sourcecode.c.objc; name = main.m; path = Chrono/main.m; sourceTree = SOURCE_ROOT; };
		6BEC581A1DA4720E00325CDD /* ChronoTests.m */ = {isa = PBXFileReference; fileEncoding = 4; lastKnownFileType = sourcecode.c.objc; name = ChronoTests.m; path = ChronoTests/ChronoTests.m; sourceTree = SOURCE_ROOT; };
		6BEC581B1DA4720E00325CDD /* Info.plist */ = {isa = PBXFileReference; fileEncoding = 4; lastKnownFileType = text.plist.xml; name = Info.plist; path = ChronoTests/Info.plist; sourceTree = SOURCE_ROOT; };
		6BECBFBE1DA3383B00325CDD /* Chrono.app */ = {isa = PBXFileReference; explicitFileType = wrapper.application; includeInIndex = 0; path = Chrono.app; sourceTree = BUILT_PRODUCTS_DIR; };
		6BECBFD71DA3383B00325CDD /* ChronoTests.xctest */ = {isa = PBXFileReference; explicitFileType = wrapper.cfbundle; includeInIndex = 0; path = ChronoTests.xctest; sourceTree = BUILT_PRODUCTS_DIR; };
/* End PBXFileReference section */

/* Begin PBXFrameworksBuildPhase section */
		6BECBFBB1DA3383B00325CDD /* Frameworks */ = {
			isa = PBXFrameworksBuildPhase;
			buildActionMask = 2147483647;
			files = (
			);
			runOnlyForDeploymentPostprocessing = 0;
		};
		6BECBFD41DA3383B00325CDD /* Frameworks */ = {
			isa = PBXFrameworksBuildPhase;
			buildActionMask = 2147483647;
			files = (
			);
			runOnlyForDeploymentPostprocessing = 0;
		};
/* End PBXFrameworksBuildPhase section */

/* Begin PBXGroup section */
		6BECBFB51DA3383B00325CDD = {
			isa = PBXGroup;
			children = (
				6BECBFC01DA3383B00325CDD /* Chrono */,
				6BECBFDA1DA3383B00325CDD /* ChronoTests */,
				6BECBFBF1DA3383B00325CDD /* Products */,
			);
			sourceTree = "<group>";
		};
		6BECBFBF1DA3383B00325CDD /* Products */ = {
			isa = PBXGroup;
			children = (
				6BECBFBE1DA3383B00325CDD /* Chrono.app */,
				6BECBFD71DA3383B00325CDD /* ChronoTests.xctest */,
			);
			name = Products;
			sourceTree = "<group>";
		};
		6BECBFC01DA3383B00325CDD /* Chrono */ = {
			isa = PBXGroup;
			children = (
				6BEC58101DA46EEA00325CDD /* AppDelegate.h */,
				6BEC58111DA46EEB00325CDD /* AppDelegate.m */,
				6BEC58121DA46EED00325CDD /* Chrono.h */,
				6BEC58131DA46EEE00325CDD /* Chrono.m */,
				6BEC58141DA46EEF00325CDD /* Info.plist */,
				6BECBFC11DA3383B00325CDD /* Supporting Files */,
			);
			name = Chrono;
			path = TickTock;
			sourceTree = "<group>";
		};
		6BECBFC11DA3383B00325CDD /* Supporting Files */ = {
			isa = PBXGroup;
			children = (
				6BEC58151DA46EF000325CDD /* main.m */,
			);
			name = "Supporting Files";
			sourceTree = "<group>";
		};
		6BECBFDA1DA3383B00325CDD /* ChronoTests */ = {
			isa = PBXGroup;
			children = (
				6BEC581A1DA4720E00325CDD /* ChronoTests.m */,
				6BEC581B1DA4720E00325CDD /* Info.plist */,
			);
			name = ChronoTests;
			path = TickTockTests;
			sourceTree = "<group>";
		};
/* End PBXGroup section */

/* Begin PBXNativeTarget section */
		6BECBFBD1DA3383B00325CDD /* Chrono */ = {
			isa = PBXNativeTarget;
			buildConfigurationList = 6BECBFE01DA3383B00325CDD /* Build configuration list for PBXNativeTarget "Chrono" */;
			buildPhases = (
				6BECBFBA1DA3383B00325CDD /* Sources */,
				6BECBFBB1DA3383B00325CDD /* Frameworks */,
				6BECBFBC1DA3383B00325CDD /* Resources */,
			);
			buildRules = (
			);
			dependencies = (
			);
			name = Chrono;
			productName = TickTock;
			productReference = 6BECBFBE1DA3383B00325CDD /* Chrono.app */;
			productType = "com.apple.product-type.application";
		};
		6BECBFD61DA3383B00325CDD /* ChronoTests */ = {
			isa = PBXNativeTarget;
			buildConfigurationList = 6BECBFE31DA3383B00325CDD /* Build configuration list for PBXNativeTarget "ChronoTests" */;
			buildPhases = (
				6BECBFD31DA3383B00325CDD /* Sources */,
				6BECBFD41DA3383B00325CDD /* Frameworks */,
				6BECBFD51DA3383B00325CDD /* Resources */,
			);
			buildRules = (
			);
			dependencies = (
				6BECBFD91DA3383B00325CDD /* PBXTargetDependency */,
			);
			name = ChronoTests;
			productName = TickTockTests;
			productReference = 6BECBFD71DA3383B00325CDD /* ChronoTests.xctest */;
			productType = "com.apple.product-type.bundle.unit-test";
		};
/* End PBXNativeTarget section */

/* Begin PBXProject section */
		6BECBFB61DA3383B00325CDD /* Project object */ = {
			isa = PBXProject;
			attributes = {
				LastUpgradeCheck = 0800;
				ORGANIZATIONNAME = daniellarsson;
				TargetAttributes = {
					6BECBFBD1DA3383B00325CDD = {
						CreatedOnToolsVersion = 8.0;
						DevelopmentTeam = F383ZUKXAC;
						ProvisioningStyle = Automatic;
					};
					6BECBFD61DA3383B00325CDD = {
						CreatedOnToolsVersion = 8.0;
						DevelopmentTeam = F383ZUKXAC;
						ProvisioningStyle = Automatic;
						TestTargetID = 6BECBFBD1DA3383B00325CDD;
					};
				};
			};
			buildConfigurationList = 6BECBFB91DA3383B00325CDD /* Build configuration list for PBXProject "Chrono" */;
			compatibilityVersion = "Xcode 3.2";
			developmentRegion = English;
			hasScannedForEncodings = 0;
			knownRegions = (
				en,
				Base,
				"zh-Hans",
				"zh-Hant",
				es,
				it,
				pt,
				"sv-SE",
				tr,
				English,
				ru,
			);
			mainGroup = 6BECBFB51DA3383B00325CDD;
			productRefGroup = 6BECBFBF1DA3383B00325CDD /* Products */;
			projectDirPath = "";
			projectRoot = "";
			targets = (
				6BECBFBD1DA3383B00325CDD /* Chrono */,
				6BECBFD61DA3383B00325CDD /* ChronoTests */,
			);
		};
/* End PBXProject section */

/* Begin PBXResourcesBuildPhase section */
		6BECBFBC1DA3383B00325CDD /* Resources */ = {
			isa = PBXResourcesBuildPhase;
			buildActionMask = 2147483647;
			files = (
				6BEC581D1DA4720E00325CDD /* Info.plist in Resources */,
				6BEC58181DA46EF100325CDD /* Info.plist in Resources */,
			);
			runOnlyForDeploymentPostprocessing = 0;
		};
		6BECBFD51DA3383B00325CDD /* Resources */ = {
			isa = PBXResourcesBuildPhase;
			buildActionMask = 2147483647;
			files = (
			);
			runOnlyForDeploymentPostprocessing = 0;
		};
/* End PBXResourcesBuildPhase section */

/* Begin PBXSourcesBuildPhase section */
		6BECBFBA1DA3383B00325CDD /* Sources */ = {
			isa = PBXSourcesBuildPhase;
			buildActionMask = 2147483647;
			files = (
				6BEC58171DA46EF100325CDD /* Chrono.m in Sources */,
				6BEC58191DA46EF100325CDD /* main.m in Sources */,
				6BEC58161DA46EF100325CDD /* AppDelegate.m in Sources */,
			);
			runOnlyForDeploymentPostprocessing = 0;
		};
		6BECBFD31DA3383B00325CDD /* Sources */ = {
			isa = PBXSourcesBuildPhase;
			buildActionMask = 2147483647;
			files = (
				6BEC581E1DA4728200325CDD /* ChronoTests.m in Sources */,
			);
			runOnlyForDeploymentPostprocessing = 0;
		};
/* End PBXSourcesBuildPhase section */

/* Begin PBXTargetDependency section */
		6BECBFD91DA3383B00325CDD /* PBXTargetDependency */ = {
			isa = PBXTargetDependency;
			target = 6BECBFBD1DA3383B00325CDD /* Chrono */;
			targetProxy = 6BECBFD81DA3383B00325CDD /* PBXContainerItemProxy */;
		};
/* End PBXTargetDependency section */

/* Begin XCBuildConfiguration section */
		6BECBFDE1DA3383B00325CDD /* Debug */ = {
			isa = XCBuildConfiguration;
			buildSettings = {
				ALWAYS_SEARCH_USER_PATHS = NO;
				CLANG_ANALYZER_NONNULL = YES;
				CLANG_CXX_LANGUAGE_STANDARD = "gnu++0x";
				CLANG_CXX_LIBRARY = "libc++";
				CLANG_ENABLE_MODULES = YES;
				CLANG_ENABLE_OBJC_ARC = YES;
				CLANG_WARN_BOOL_CONVERSION = YES;
				CLANG_WARN_CONSTANT_CONVERSION = YES;
				CLANG_WARN_DIRECT_OBJC_ISA_USAGE = YES_ERROR;
				CLANG_WARN_DOCUMENTATION_COMMENTS = YES;
				CLANG_WARN_EMPTY_BODY = YES;
				CLANG_WARN_ENUM_CONVERSION = YES;
				CLANG_WARN_INFINITE_RECURSION = YES;
				CLANG_WARN_INT_CONVERSION = YES;
				CLANG_WARN_OBJC_ROOT_CLASS = YES_ERROR;
				CLANG_WARN_SUSPICIOUS_MOVES = YES;
				CLANG_WARN_UNREACHABLE_CODE = YES;
				CLANG_WARN__DUPLICATE_METHOD_MATCH = YES;
				"CODE_SIGN_IDENTITY[sdk=iphoneos*]" = "iPhone Developer";
				COPY_PHASE_STRIP = NO;
				DEBUG_INFORMATION_FORMAT = dwarf;
				ENABLE_STRICT_OBJC_MSGSEND = YES;
				ENABLE_TESTABILITY = YES;
				GCC_C_LANGUAGE_STANDARD = gnu99;
				GCC_DYNAMIC_NO_PIC = NO;
				GCC_NO_COMMON_BLOCKS = YES;
				GCC_OPTIMIZATION_LEVEL = 0;
				GCC_PREPROCESSOR_DEFINITIONS = (
					"DEBUG=1",
					"$(inherited)",
				);
				GCC_WARN_64_TO_32_BIT_CONVERSION = YES;
				GCC_WARN_ABOUT_RETURN_TYPE = YES_ERROR;
				GCC_WARN_UNDECLARED_SELECTOR = YES;
				GCC_WARN_UNINITIALIZED_AUTOS = YES_AGGRESSIVE;
				GCC_WARN_UNUSED_FUNCTION = YES;
				GCC_WARN_UNUSED_VARIABLE = YES;
				IPHONEOS_DEPLOYMENT_TARGET = 10.0;
				MTL_ENABLE_DEBUG_INFO = YES;
				ONLY_ACTIVE_ARCH = YES;
				SDKROOT = iphoneos;
				TARGETED_DEVICE_FAMILY = "1,2";
			};
			name = Debug;
		};
		6BECBFDF1DA3383B00325CDD /* Release */ = {
			isa = XCBuildConfiguration;
			buildSettings = {
				ALWAYS_SEARCH_USER_PATHS = NO;
				CLANG_ANALYZER_NONNULL = YES;
				CLANG_CXX_LANGUAGE_STANDARD = "gnu++0x";
				CLANG_CXX_LIBRARY = "libc++";
				CLANG_ENABLE_MODULES = YES;
				CLANG_ENABLE_OBJC_ARC = YES;
				CLANG_WARN_BOOL_CONVERSION = YES;
				CLANG_WARN_CONSTANT_CONVERSION = YES;
				CLANG_WARN_DIRECT_OBJC_ISA_USAGE = YES_ERROR;
				CLANG_WARN_DOCUMENTATION_COMMENTS = YES;
				CLANG_WARN_EMPTY_BODY = YES;
				CLANG_WARN_ENUM_CONVERSION = YES;
				CLANG_WARN_INFINITE_RECURSION = YES;
				CLANG_WARN_INT_CONVERSION = YES;
				CLANG_WARN_OBJC_ROOT_CLASS = YES_ERROR;
				CLANG_WARN_SUSPICIOUS_MOVES = YES;
				CLANG_WARN_UNREACHABLE_CODE = YES;
				CLANG_WARN__DUPLICATE_METHOD_MATCH = YES;
				"CODE_SIGN_IDENTITY[sdk=iphoneos*]" = "iPhone Developer";
				COPY_PHASE_STRIP = NO;
				DEBUG_INFORMATION_FORMAT = "dwarf-with-dsym";
				ENABLE_NS_ASSERTIONS = NO;
				ENABLE_STRICT_OBJC_MSGSEND = YES;
				GCC_C_LANGUAGE_STANDARD = gnu99;
				GCC_NO_COMMON_BLOCKS = YES;
				GCC_WARN_64_TO_32_BIT_CONVERSION = YES;
				GCC_WARN_ABOUT_RETURN_TYPE = YES_ERROR;
				GCC_WARN_UNDECLARED_SELECTOR = YES;
				GCC_WARN_UNINITIALIZED_AUTOS = YES_AGGRESSIVE;
				GCC_WARN_UNUSED_FUNCTION = YES;
				GCC_WARN_UNUSED_VARIABLE = YES;
				IPHONEOS_DEPLOYMENT_TARGET = 10.0;
				MTL_ENABLE_DEBUG_INFO = NO;
				SDKROOT = iphoneos;
				TARGETED_DEVICE_FAMILY = "1,2";
				VALIDATE_PRODUCT = YES;
			};
			name = Release;
		};
		6BECBFE11DA3383B00325CDD /* Debug */ = {
			isa = XCBuildConfiguration;
			buildSettings = {
				DEVELOPMENT_TEAM = F383ZUKXAC;
				INFOPLIST_FILE = "$(SRCROOT)/Chrono/Info.plist";
				LD_RUNPATH_SEARCH_PATHS = "$(inherited) @executable_path/Frameworks";
				PRODUCT_BUNDLE_IDENTIFIER = com.daniellarsson.Chrono;
				PRODUCT_NAME = "$(TARGET_NAME)";
			};
			name = Debug;
		};
		6BECBFE21DA3383B00325CDD /* Release */ = {
			isa = XCBuildConfiguration;
			buildSettings = {
				DEVELOPMENT_TEAM = F383ZUKXAC;
				INFOPLIST_FILE = "$(SRCROOT)/Chrono/Info.plist";
				LD_RUNPATH_SEARCH_PATHS = "$(inherited) @executable_path/Frameworks";
				PRODUCT_BUNDLE_IDENTIFIER = com.daniellarsson.Chrono;
				PRODUCT_NAME = "$(TARGET_NAME)";
			};
			name = Release;
		};
		6BECBFE41DA3383B00325CDD /* Debug */ = {
			isa = XCBuildConfiguration;
			buildSettings = {
				BUNDLE_LOADER = "$(TEST_HOST)";
				DEVELOPMENT_TEAM = F383ZUKXAC;
				INFOPLIST_FILE = ChronoTests/Info.plist;
				LD_RUNPATH_SEARCH_PATHS = "$(inherited) @executable_path/Frameworks @loader_path/Frameworks";
				PRODUCT_BUNDLE_IDENTIFIER = com.daniellarsson.ChronoTests;
				PRODUCT_NAME = "$(TARGET_NAME)";
				TEST_HOST = "$(BUILT_PRODUCTS_DIR)/Chrono.app/Chrono";
			};
			name = Debug;
		};
		6BECBFE51DA3383B00325CDD /* Release */ = {
			isa = XCBuildConfiguration;
			buildSettings = {
				BUNDLE_LOADER = "$(TEST_HOST)";
				DEVELOPMENT_TEAM = F383ZUKXAC;
				INFOPLIST_FILE = ChronoTests/Info.plist;
				LD_RUNPATH_SEARCH_PATHS = "$(inherited) @executable_path/Frameworks @loader_path/Frameworks";
				PRODUCT_BUNDLE_IDENTIFIER = com.daniellarsson.ChronoTests;
				PRODUCT_NAME = "$(TARGET_NAME)";
				TEST_HOST = "$(BUILT_PRODUCTS_DIR)/Chrono.app/Chrono";
			};
			name = Release;
		};
/* End XCBuildConfiguration section */

/* Begin XCConfigurationList section */
		6BECBFB91DA3383B00325CDD /* Build configuration list for PBXProject "Chrono" */ = {
			isa = XCConfigurationList;
			buildConfigurations = (
				6BECBFDE1DA3383B00325CDD /* Debug */,
				6BECBFDF1DA3383B00325CDD /* Release */,
			);
			defaultConfigurationIsVisible = 0;
			defaultConfigurationName = Release;
		};
		6BECBFE01DA3383B00325CDD /* Build configuration list for PBXNativeTarget "Chrono" */ = {
			isa = XCConfigurationList;
			buildConfigurations = (
				6BECBFE11DA3383B00325CDD /* Debug */,
				6BECBFE21DA3383B00325CDD /* Release */,
			);
			defaultConfigurationIsVisible = 0;
			defaultConfigurationName = Release;
		};
		6BECBFE31DA3383B00325CDD /* Build configuration list for PBXNativeTarget "ChronoTests" */ = {
			isa = XCConfigurationList;
			buildConfigurations = (
				6BECBFE41DA3383B00325CDD /* Debug */,
				6BECBFE51DA3383B00325CDD /* Release */,
			);
			defaultConfigurationIsVisible = 0;
			defaultConfigurationName = Release;
		};
/* End XCConfigurationList section */
	};
	rootObject = 6BECBFB61DA3383B00325CDD /* Project object */;
}
